
Microsoft Visual Studio Solution File, Format Version 12.00
# Visual Studio Version 17
VisualStudioVersion = 17.11.35312.102
MinimumVisualStudioVersion = 10.0.40219.1
Project("{FAE04EC0-301F-11D3-BF4B-00C04F79EFBC}") = "FinalC#", "FinalC#\FinalC#.csproj", "{1328A780-6983-454D-B6B0-CF82CF4E49F3}"
EndProject
Global
	GlobalSection(SolutionConfigurationPlatforms) = preSolution
		Debug|Any CPU = Debug|Any CPU
		Release|Any CPU = Release|Any CPU
	EndGlobalSection
	GlobalSection(ProjectConfigurationPlatforms) = postSolution
		{1328A780-6983-454D-B6B0-CF82CF4E49F3}.Debug|Any CPU.ActiveCfg = Debug|Any CPU
		{1328A780-6983-454D-B6B0-CF82CF4E49F3}.Debug|Any CPU.Build.0 = Debug|Any CPU
		{1328A780-6983-454D-B6B0-CF82CF4E49F3}.Release|Any CPU.ActiveCfg = Release|Any CPU
		{1328A780-6983-454D-B6B0-CF82CF4E49F3}.Release|Any CPU.Build.0 = Release|Any CPU
	EndGlobalSection
	GlobalSection(SolutionProperties) = preSolution
		HideSolutionNode = FALSE
	EndGlobalSection
	GlobalSection(ExtensibilityGlobals) = postSolution
		SolutionGuid = {20066665-2090-4FC6-8124-AB1BD7F611E6}
	EndGlobalSection
EndGlobal
